
Microsoft Visual Studio Solution File, Format Version 12.00
# Visual Studio Version 17
VisualStudioVersion = 17.11.35222.181
MinimumVisualStudioVersion = 10.0.40219.1
Project("{9A19103F-16F7-4668-BE54-9A1E7A4F7556}") = "Hub", "Hub\Hub.csproj", "{0A8733BA-3E25-4DD8-B6FE-F5BABCE4FAB9}"
EndProject
Project("{9A19103F-16F7-4668-BE54-9A1E7A4F7556}") = "Server", "Server\Server.csproj", "{E6DDE416-D901-41FD-80E3-66BB48A26F38}"
EndProject
Project("{54435603-DBB4-11D2-8724-00A0C9A8B90C}") = "gLAsNik", "gLAsNik\gLAsNik.vdproj", "{459E8737-3BAF-4E56-ACF7-6E053BE4A103}"
EndProject
Global
	GlobalSection(SolutionConfigurationPlatforms) = preSolution
		Debug|Any CPU = Debug|Any CPU
		Release|Any CPU = Release|Any CPU
	EndGlobalSection
	GlobalSection(ProjectConfigurationPlatforms) = postSolution
		{0A8733BA-3E25-4DD8-B6FE-F5BABCE4FAB9}.Debug|Any CPU.ActiveCfg = Debug|Any CPU
		{0A8733BA-3E25-4DD8-B6FE-F5BABCE4FAB9}.Debug|Any CPU.Build.0 = Debug|Any CPU
		{0A8733BA-3E25-4DD8-B6FE-F5BABCE4FAB9}.Release|Any CPU.ActiveCfg = Release|Any CPU
		{0A8733BA-3E25-4DD8-B6FE-F5BABCE4FAB9}.Release|Any CPU.Build.0 = Release|Any CPU
		{E6DDE416-D901-41FD-80E3-66BB48A26F38}.Debug|Any CPU.ActiveCfg = Debug|Any CPU
		{E6DDE416-D901-41FD-80E3-66BB48A26F38}.Debug|Any CPU.Build.0 = Debug|Any CPU
		{E6DDE416-D901-41FD-80E3-66BB48A26F38}.Release|Any CPU.ActiveCfg = Release|Any CPU
		{E6DDE416-D901-41FD-80E3-66BB48A26F38}.Release|Any CPU.Build.0 = Release|Any CPU
		{459E8737-3BAF-4E56-ACF7-6E053BE4A103}.Debug|Any CPU.ActiveCfg = Debug
		{459E8737-3BAF-4E56-ACF7-6E053BE4A103}.Release|Any CPU.ActiveCfg = Release
	EndGlobalSection
	GlobalSection(SolutionProperties) = preSolution
		HideSolutionNode = FALSE
	EndGlobalSection
	GlobalSection(ExtensibilityGlobals) = postSolution
		SolutionGuid = {AB77C9DD-4A75-4DA3-8F44-4FAE5846CF24}
	EndGlobalSection
EndGlobal
